Microsoft Visual Studio Solution File, Format Version 11.00
# Visual Studio 2008

Project("{5B3B7C37-F5FD-0FBF-C1DB-DCA9CFA0C276}") = "PlateformeU", "Assembly-CSharp-firstpass.csproj", "{8569B5DF-09E3-91B0-189B-C7EBBFAC12B9}"
EndProject
Project("{5B3B7C37-F5FD-0FBF-C1DB-DCA9CFA0C276}") = "PlateformeU", "Assembly-CSharp.csproj", "{B4F229BA-9541-F082-924F-551493C4359D}"
EndProject
Project("{5B3B7C37-F5FD-0FBF-C1DB-DCA9CFA0C276}") = "PlateformeU", "Assembly-CSharp-Editor.csproj", "{BAF9C0E1-9461-14CC-BC63-474EB226FA98}"
EndProject
Global
	GlobalSection(SolutionConfigurationPlatforms) = preSolution
		Debug|Any CPU = Debug|Any CPU
		Release|Any CPU = Release|Any CPU
	EndGlobalSection
	GlobalSection(ProjectConfigurationPlatforms) = postSolution
		{8569B5DF-09E3-91B0-189B-C7EBBFAC12B9}.Debug|Any CPU.ActiveCfg = Debug|Any CPU
		{8569B5DF-09E3-91B0-189B-C7EBBFAC12B9}.Debug|Any CPU.Build.0 = Debug|Any CPU
		{8569B5DF-09E3-91B0-189B-C7EBBFAC12B9}.Release|Any CPU.ActiveCfg = Release|Any CPU
		{8569B5DF-09E3-91B0-189B-C7EBBFAC12B9}.Release|Any CPU.Build.0 = Release|Any CPU
		{B4F229BA-9541-F082-924F-551493C4359D}.Debug|Any CPU.ActiveCfg = Debug|Any CPU
		{B4F229BA-9541-F082-924F-551493C4359D}.Debug|Any CPU.Build.0 = Debug|Any CPU
		{B4F229BA-9541-F082-924F-551493C4359D}.Release|Any CPU.ActiveCfg = Release|Any CPU
		{B4F229BA-9541-F082-924F-551493C4359D}.Release|Any CPU.Build.0 = Release|Any CPU
		{BAF9C0E1-9461-14CC-BC63-474EB226FA98}.Debug|Any CPU.ActiveCfg = Debug|Any CPU
		{BAF9C0E1-9461-14CC-BC63-474EB226FA98}.Debug|Any CPU.Build.0 = Debug|Any CPU
		{BAF9C0E1-9461-14CC-BC63-474EB226FA98}.Release|Any CPU.ActiveCfg = Release|Any CPU
		{BAF9C0E1-9461-14CC-BC63-474EB226FA98}.Release|Any CPU.Build.0 = Release|Any CPU
	EndGlobalSection
	GlobalSection(SolutionProperties) = preSolution
		HideSolutionNode = FALSE
	EndGlobalSection
	GlobalSection(MonoDevelopProperties) = preSolution
		StartupItem = Assembly-CSharp.csproj
	EndGlobalSection
EndGlobal
